
Microsoft Visual Studio Solution File, Format Version 12.00
# Visual Studio Version 16
VisualStudioVersion = 16.0.28803.352
MinimumVisualStudioVersion = 10.0.40219.1
Project("{FAE04EC0-301F-11D3-BF4B-00C04F79EFBC}") = "util-numbers", "util-numbers\util-numbers.csproj", "{FCBD9277-B990-4467-B20D-2C3CCB9D758F}"
EndProject
Global
	GlobalSection(SolutionConfigurationPlatforms) = preSolution
		Debug|Any CPU = Debug|Any CPU
		Release|Any CPU = Release|Any CPU
	EndGlobalSection
	GlobalSection(ProjectConfigurationPlatforms) = postSolution
		{FCBD9277-B990-4467-B20D-2C3CCB9D758F}.Debug|Any CPU.ActiveCfg = Debug|Any CPU
		{FCBD9277-B990-4467-B20D-2C3CCB9D758F}.Debug|Any CPU.Build.0 = Debug|Any CPU
		{FCBD9277-B990-4467-B20D-2C3CCB9D758F}.Release|Any CPU.ActiveCfg = Release|Any CPU
		{FCBD9277-B990-4467-B20D-2C3CCB9D758F}.Release|Any CPU.Build.0 = Release|Any CPU
	EndGlobalSection
	GlobalSection(SolutionProperties) = preSolution
		HideSolutionNode = FALSE
	EndGlobalSection
	GlobalSection(ExtensibilityGlobals) = postSolution
		SolutionGuid = {264B804D-D188-41BB-A747-C5EDBE1C1153}
	EndGlobalSection
EndGlobal
